
Microsoft Visual Studio Solution File, Format Version 12.00
# Visual Studio Version 17
VisualStudioVersion = 17.5.33424.131
MinimumVisualStudioVersion = 10.0.40219.1
Project("{FAE04EC0-301F-11D3-BF4B-00C04F79EFBC}") = "ch04_01", "ch04_01\ch04_01.csproj", "{F196B68D-ECF8-4BF2-A082-210C91E7AD4B}"
EndProject
Global
	GlobalSection(SolutionConfigurationPlatforms) = preSolution
		Debug|Any CPU = Debug|Any CPU
		Release|Any CPU = Release|Any CPU
	EndGlobalSection
	GlobalSection(ProjectConfigurationPlatforms) = postSolution
		{F196B68D-ECF8-4BF2-A082-210C91E7AD4B}.Debug|Any CPU.ActiveCfg = Debug|Any CPU
		{F196B68D-ECF8-4BF2-A082-210C91E7AD4B}.Debug|Any CPU.Build.0 = Debug|Any CPU
		{F196B68D-ECF8-4BF2-A082-210C91E7AD4B}.Release|Any CPU.ActiveCfg = Release|Any CPU
		{F196B68D-ECF8-4BF2-A082-210C91E7AD4B}.Release|Any CPU.Build.0 = Release|Any CPU
	EndGlobalSection
	GlobalSection(SolutionProperties) = preSolution
		HideSolutionNode = FALSE
	EndGlobalSection
	GlobalSection(ExtensibilityGlobals) = postSolution
		SolutionGuid = {D292815B-5F7F-4E46-B2D2-F1C0F7DAC49A}
	EndGlobalSection
EndGlobal
