
Microsoft Visual Studio Solution File, Format Version 12.00
# Visual Studio Version 17
VisualStudioVersion = 17.5.33424.131
MinimumVisualStudioVersion = 10.0.40219.1
Project("{FAE04EC0-301F-11D3-BF4B-00C04F79EFBC}") = "ch07_06", "ch07_06\ch07_06.csproj", "{5E20B0DE-DA5C-43AF-827E-269B716B6840}"
EndProject
Global
	GlobalSection(SolutionConfigurationPlatforms) = preSolution
		Debug|Any CPU = Debug|Any CPU
		Release|Any CPU = Release|Any CPU
	EndGlobalSection
	GlobalSection(ProjectConfigurationPlatforms) = postSolution
		{5E20B0DE-DA5C-43AF-827E-269B716B6840}.Debug|Any CPU.ActiveCfg = Debug|Any CPU
		{5E20B0DE-DA5C-43AF-827E-269B716B6840}.Debug|Any CPU.Build.0 = Debug|Any CPU
		{5E20B0DE-DA5C-43AF-827E-269B716B6840}.Release|Any CPU.ActiveCfg = Release|Any CPU
		{5E20B0DE-DA5C-43AF-827E-269B716B6840}.Release|Any CPU.Build.0 = Release|Any CPU
	EndGlobalSection
	GlobalSection(SolutionProperties) = preSolution
		HideSolutionNode = FALSE
	EndGlobalSection
	GlobalSection(ExtensibilityGlobals) = postSolution
		SolutionGuid = {78177C0E-A448-4CD3-8A25-2F0D9E75195B}
	EndGlobalSection
EndGlobal
