
Microsoft Visual Studio Solution File, Format Version 12.00
# Visual Studio Version 17
VisualStudioVersion = 17.5.33424.131
MinimumVisualStudioVersion = 10.0.40219.1
Project("{FAE04EC0-301F-11D3-BF4B-00C04F79EFBC}") = "ch07_windowForm", "ch07_windowForm\ch07_windowForm.csproj", "{8E50C751-E806-4CE5-978A-30980F83098D}"
EndProject
Global
	GlobalSection(SolutionConfigurationPlatforms) = preSolution
		Debug|Any CPU = Debug|Any CPU
		Release|Any CPU = Release|Any CPU
	EndGlobalSection
	GlobalSection(ProjectConfigurationPlatforms) = postSolution
		{8E50C751-E806-4CE5-978A-30980F83098D}.Debug|Any CPU.ActiveCfg = Debug|Any CPU
		{8E50C751-E806-4CE5-978A-30980F83098D}.Debug|Any CPU.Build.0 = Debug|Any CPU
		{8E50C751-E806-4CE5-978A-30980F83098D}.Release|Any CPU.ActiveCfg = Release|Any CPU
		{8E50C751-E806-4CE5-978A-30980F83098D}.Release|Any CPU.Build.0 = Release|Any CPU
	EndGlobalSection
	GlobalSection(SolutionProperties) = preSolution
		HideSolutionNode = FALSE
	EndGlobalSection
	GlobalSection(ExtensibilityGlobals) = postSolution
		SolutionGuid = {9B11DB91-C056-48FC-800D-8AC7B2102B52}
	EndGlobalSection
EndGlobal
