
Microsoft Visual Studio Solution File, Format Version 12.00
# Visual Studio Version 17
VisualStudioVersion = 17.5.33424.131
MinimumVisualStudioVersion = 10.0.40219.1
Project("{FAE04EC0-301F-11D3-BF4B-00C04F79EFBC}") = "ch10_01", "ch10_01\ch10_01.csproj", "{834DA665-6AC9-4C0A-A14B-3657B01EB226}"
EndProject
Global
	GlobalSection(SolutionConfigurationPlatforms) = preSolution
		Debug|Any CPU = Debug|Any CPU
		Release|Any CPU = Release|Any CPU
	EndGlobalSection
	GlobalSection(ProjectConfigurationPlatforms) = postSolution
		{834DA665-6AC9-4C0A-A14B-3657B01EB226}.Debug|Any CPU.ActiveCfg = Debug|Any CPU
		{834DA665-6AC9-4C0A-A14B-3657B01EB226}.Debug|Any CPU.Build.0 = Debug|Any CPU
		{834DA665-6AC9-4C0A-A14B-3657B01EB226}.Release|Any CPU.ActiveCfg = Release|Any CPU
		{834DA665-6AC9-4C0A-A14B-3657B01EB226}.Release|Any CPU.Build.0 = Release|Any CPU
	EndGlobalSection
	GlobalSection(SolutionProperties) = preSolution
		HideSolutionNode = FALSE
	EndGlobalSection
	GlobalSection(ExtensibilityGlobals) = postSolution
		SolutionGuid = {879738F6-1CC1-4399-92AC-76577276F8D4}
	EndGlobalSection
EndGlobal
